<?xml version="1.0" encoding="utf-8"?>
<Project ToolsVersion="4.0" xmlns="http://schemas.microsoft.com/developer/msbuild/2003">
  <ItemGroup>
    <Filter Include="Source Files">
      <UniqueIdentifier>{4FC737F1-C7A5-4376-A066-2A32D752A2FF}</UniqueIdentifier>
      <Extensions>qml;cpp;c;cc;cxx;def;odl;idl;hpj;bat;asm;asmx</Extensions>
    </Filter>
    <Filter Include="Header Files">
      <UniqueIdentifier>{93995380-89BD-4b04-88EB-625FBE52EBFB}</UniqueIdentifier>
      <Extensions>h;hh;hpp;hxx;hm;inl;inc;xsd</Extensions>
    </Filter>
    <Filter Include="Source Files\json">
      <UniqueIdentifier>{dbf40a01-f562-422f-88e1-04956dc49889}</UniqueIdentifier>
    </Filter>
    <Filter Include="Header Files\json">
      <UniqueIdentifier>{de6094d9-190b-4691-9637-6627b3c3f614}</UniqueIdentifier>
    </Filter>
    <Filter Include="Resource Files">
      <UniqueIdentifier>{2db01f0a-34c4-4dea-a075-c3deb5e50425}</UniqueIdentifier>
    </Filter>
  </ItemGroup>
  <ItemGroup>
    <ClCompile Include="App.cpp">
      <Filter>Source Files</Filter>
    </ClCompile>
    <ClCompile Include="LoginRegWnd.cpp">
      <Filter>Source Files</Filter>
    </ClCompile>
    <ClCompile Include="WSClientMgr.cpp">
      <Filter>Source Files</Filter>
    </ClCompile>
    <ClCompile Include="ApplyFriendNextWnd.cpp">
      <Filter>Source Files</Filter>
    </ClCompile>
    <ClCompile Include="ToolWnd.cpp">
      <Filter>Source Files</Filter>
    </ClCompile>
    <ClCompile Include="FindFriendItemWnd.cpp">
      <Filter>Source Files</Filter>
    </ClCompile>
    <ClCompile Include="CreateGroupWnd.cpp">
      <Filter>Source Files</Filter>
    </ClCompile>
    <ClCompile Include="ApplyFriendWaitInfoWnd.cpp">
      <Filter>Source Files</Filter>
    </ClCompile>
    <ClCompile Include="CreateGroupListItemWnd.cpp">
      <Filter>Source Files</Filter>
    </ClCompile>
    <ClCompile Include="CreateGroupListItemWithSelBtnWnd.cpp">
      <Filter>Source Files</Filter>
    </ClCompile>
    <ClCompile Include="SelectGroupFriendWnd.cpp">
      <Filter>Source Files</Filter>
    </ClCompile>
    <ClCompile Include="ApplyFriendInputInfoWnd.cpp">
      <Filter>Source Files</Filter>
    </ClCompile>
    <ClCompile Include="FindFriendOrGroupWnd.cpp">
      <Filter>Source Files</Filter>
    </ClCompile>
    <ClCompile Include="CommListWnd.cpp">
      <Filter>Source Files</Filter>
    </ClCompile>
    <ClCompile Include="MainWnd.cpp">
      <Filter>Source Files</Filter>
    </ClCompile>
    <ClCompile Include="CommContactInfoWnd.cpp">
      <Filter>Source Files</Filter>
    </ClCompile>
    <ClCompile Include="SessionWnd.cpp">
      <Filter>Source Files</Filter>
    </ClCompile>
    <ClCompile Include="CommMsgItemWnd.cpp">
      <Filter>Source Files</Filter>
    </ClCompile>
    <ClCompile Include="SelfSplit.cpp">
      <Filter>Source Files</Filter>
    </ClCompile>
    <ClCompile Include="CustomListWidgetItem.cpp">
      <Filter>Source Files</Filter>
    </ClCompile>
    <ClCompile Include="QSessionTopWnd.cpp">
      <Filter>Source Files</Filter>
    </ClCompile>
    <ClCompile Include="ChatMsgWnd.cpp">
      <Filter>Source Files</Filter>
    </ClCompile>
    <ClCompile Include="CommContactItemWnd.cpp">
      <Filter>Source Files</Filter>
    </ClCompile>
    <ClCompile Include="json\CJsonObject.cpp">
      <Filter>Source Files\json</Filter>
    </ClCompile>
    <ClCompile Include="json\cJSON.c">
      <Filter>Source Files\json</Filter>
    </ClCompile>
    <ClCompile Include="DealNewFriendsApplyWnd.cpp">
      <Filter>Source Files</Filter>
    </ClCompile>
    <ClCompile Include="DealNewFriendsApplyItemWnd.cpp">
      <Filter>Source Files</Filter>
    </ClCompile>
    <ClCompile Include="UserInfoWnd.cpp">
      <Filter>Source Files</Filter>
    </ClCompile>
    <ClCompile Include="SelfLabel.cpp">
      <Filter>Source Files</Filter>
    </ClCompile>
    <ClCompile Include="PictureToolWnd.cpp">
      <Filter>Source Files</Filter>
    </ClCompile>
    <ClCompile Include="DataManager.cpp">
      <Filter>Source Files</Filter>
    </ClCompile>
    <ClCompile Include="SessionToolBar.cpp">
      <Filter>Source Files</Filter>
    </ClCompile>
    <ClCompile Include="EmoijWnd.cpp">
      <Filter>Source Files</Filter>
    </ClCompile>
    <ClCompile Include="ScreenShotWnd.cpp">
      <Filter>Source Files</Filter>
    </ClCompile>
    <ClCompile Include="ChatFileInnerWnd.cpp">
      <Filter>Source Files</Filter>
    </ClCompile>
    <ClCompile Include="ChatFileOuterWnd.cpp">
      <Filter>Source Files</Filter>
    </ClCompile>
    <ClCompile Include="GroupInfoWnd.cpp">
      <Filter>Source Files</Filter>
    </ClCompile>
    <ClCompile Include="CommGroupItemWnd.cpp">
      <Filter>Source Files</Filter>
    </ClCompile>
    <ClCompile Include="GroupFriendsItemWnd.cpp">
      <Filter>Source Files</Filter>
    </ClCompile>
    <ClCompile Include="SelfSwitchButton.cpp">
      <Filter>Source Files</Filter>
    </ClCompile>
    <ClCompile Include="GroupFriendsWnd.cpp">
      <Filter>Source Files</Filter>
    </ClCompile>
    <ClCompile Include="EditLabel.cpp">
      <Filter>Source Files</Filter>
    </ClCompile>
    <ClCompile Include="SelectMoreWnd.cpp">
      <Filter>Source Files</Filter>
    </ClCompile>
    <ClCompile Include="ScreenShotToolBarWnd.cpp">
      <Filter>Source Files</Filter>
    </ClCompile>
    <ClCompile Include="VoiceTelphoneWnd.cpp">
      <Filter>Source Files</Filter>
    </ClCompile>
    <ClCompile Include="Log.cpp">
      <Filter>Source Files</Filter>
    </ClCompile>
    <ClCompile Include="SelfTextEdit.cpp">
      <Filter>Source Files</Filter>
    </ClCompile>
    <ClCompile Include="StyleSheetMgr.cpp">
      <Filter>Source Files</Filter>
    </ClCompile>
    <ClCompile Include="SettingWnd.cpp">
      <Filter>Source Files</Filter>
    </ClCompile>
  </ItemGroup>
  <ItemGroup>
    <QtMoc Include="WSClientMgr.h">
      <Filter>Header Files</Filter>
    </QtMoc>
    <QtMoc Include="LoginRegWnd.h">
      <Filter>Header Files</Filter>
    </QtMoc>
    <QtMoc Include="CreateGroupWnd.h">
      <Filter>Header Files</Filter>
    </QtMoc>
    <QtMoc Include="CreateGroupListItemWnd.h">
      <Filter>Header Files</Filter>
    </QtMoc>
    <QtMoc Include="CreateGroupListItemWithSelBtnWnd.h">
      <Filter>Header Files</Filter>
    </QtMoc>
    <QtMoc Include="SelectGroupFriendWnd.h">
      <Filter>Header Files</Filter>
    </QtMoc>
    <QtMoc Include="ApplyFriendWaitInfoWnd.h">
      <Filter>Header Files</Filter>
    </QtMoc>
    <QtMoc Include="ApplyFriendInputInfoWnd.h">
      <Filter>Header Files</Filter>
    </QtMoc>
    <QtMoc Include="ApplyFriendNextWnd.h">
      <Filter>Header Files</Filter>
    </QtMoc>
    <QtMoc Include="FindFriendItemWnd.h">
      <Filter>Header Files</Filter>
    </QtMoc>
    <QtMoc Include="FindFriendOrGroupWnd.h">
      <Filter>Header Files</Filter>
    </QtMoc>
    <QtMoc Include="CommListWnd.h">
      <Filter>Header Files</Filter>
    </QtMoc>
    <QtMoc Include="CommContactInfoWnd.h">
      <Filter>Header Files</Filter>
    </QtMoc>
    <QtMoc Include="MainWnd.h">
      <Filter>Header Files</Filter>
    </QtMoc>
    <QtMoc Include="ToolWnd.h">
      <Filter>Header Files</Filter>
    </QtMoc>
    <QtMoc Include="SessionWnd.h">
      <Filter>Header Files</Filter>
    </QtMoc>
    <QtMoc Include="SelfSplit.h">
      <Filter>Header Files</Filter>
    </QtMoc>
    <QtMoc Include="QSessionTopWnd.h">
      <Filter>Header Files</Filter>
    </QtMoc>
    <QtMoc Include="ChatMsgWnd.h">
      <Filter>Header Files</Filter>
    </QtMoc>
    <QtMoc Include="DealNewFriendsApplyWnd.h">
      <Filter>Header Files</Filter>
    </QtMoc>
    <QtMoc Include="DealNewFriendsApplyItemWnd.h">
      <Filter>Header Files</Filter>
    </QtMoc>
    <QtMoc Include="UserInfoWnd.h">
      <Filter>Header Files</Filter>
    </QtMoc>
    <QtMoc Include="SelfLabel.h">
      <Filter>Header Files</Filter>
    </QtMoc>
    <QtMoc Include="PictureToolWnd.h">
      <Filter>Header Files</Filter>
    </QtMoc>
    <QtMoc Include="CommContactItemWnd.h">
      <Filter>Header Files</Filter>
    </QtMoc>
    <QtMoc Include="CommMsgItemWnd.h">
      <Filter>Header Files</Filter>
    </QtMoc>
    <QtMoc Include="EmoijWnd.h">
      <Filter>Header Files</Filter>
    </QtMoc>
    <QtMoc Include="SessionToolBar.h">
      <Filter>Header Files</Filter>
    </QtMoc>
    <QtMoc Include="ScreenShotWnd.h">
      <Filter>Header Files</Filter>
    </QtMoc>
    <QtMoc Include="ChatFileInnerWnd.h">
      <Filter>Header Files</Filter>
    </QtMoc>
    <QtMoc Include="ChatFileOuterWnd.h">
      <Filter>Header Files</Filter>
    </QtMoc>
    <QtMoc Include="GroupInfoWnd.h">
      <Filter>Header Files</Filter>
    </QtMoc>
    <QtMoc Include="CommGroupItemWnd.h">
      <Filter>Header Files</Filter>
    </QtMoc>
    <QtMoc Include="GroupFriendsItemWnd.h">
      <Filter>Header Files</Filter>
    </QtMoc>
    <QtMoc Include="SelfSwitchButton.h">
      <Filter>Header Files</Filter>
    </QtMoc>
    <QtMoc Include="GroupFriendsWnd.h">
      <Filter>Header Files</Filter>
    </QtMoc>
    <QtMoc Include="EditLabel.h">
      <Filter>Header Files</Filter>
    </QtMoc>
    <QtMoc Include="SelectMoreWnd.h">
      <Filter>Header Files</Filter>
    </QtMoc>
    <QtMoc Include="ScreenShotToolBarWnd.h">
      <Filter>Header Files</Filter>
    </QtMoc>
    <QtMoc Include="VoiceTelphoneWnd.h">
      <Filter>Header Files</Filter>
    </QtMoc>
    <QtMoc Include="StyleSheetMgr.h">
      <Filter>Header Files</Filter>
    </QtMoc>
    <QtMoc Include="SettingWnd.h">
      <Filter>Header Files</Filter>
    </QtMoc>
  </ItemGroup>
  <ItemGroup>
    <ClInclude Include="CustomListWidgetItem.h">
      <Filter>Header Files</Filter>
    </ClInclude>
    <ClInclude Include="json\cJSON.h">
      <Filter>Header Files\json</Filter>
    </ClInclude>
    <ClInclude Include="json\CJsonObject.hpp">
      <Filter>Header Files\json</Filter>
    </ClInclude>
    <ClInclude Include="DataManager.h">
      <Filter>Header Files</Filter>
    </ClInclude>
    <ClInclude Include="def.h">
      <Filter>Header Files</Filter>
    </ClInclude>
    <ClInclude Include="Log.h">
      <Filter>Header Files</Filter>
    </ClInclude>
    <ClInclude Include="SelfTextEdit.h">
      <Filter>Header Files</Filter>
    </ClInclude>
  </ItemGroup>
  <ItemGroup>
    <ResourceCompile Include="WeChatClient.rc">
      <Filter>Resource Files</Filter>
    </ResourceCompile>
  </ItemGroup>
  <ItemGroup>
    <Image Include="img\wechat.ico">
      <Filter>Resource Files</Filter>
    </Image>
  </ItemGroup>
</Project>