<?xml version="1.0" encoding="utf-8"?>
<Project ToolsVersion="4.0" xmlns="http://schemas.microsoft.com/developer/msbuild/2003">
  <ItemGroup>
    <Filter Include="Source Files">
      <UniqueIdentifier>{4FC737F1-C7A5-4376-A066-2A32D752A2FF}</UniqueIdentifier>
      <Extensions>qml;cpp;c;cc;cxx;def;odl;idl;hpj;bat;asm;asmx</Extensions>
    </Filter>
    <Filter Include="Header Files">
      <UniqueIdentifier>{93995380-89BD-4b04-88EB-625FBE52EBFB}</UniqueIdentifier>
      <Extensions>h;hh;hpp;hxx;hm;inl;inc;xsd</Extensions>
    </Filter>
    <Filter Include="Source Files\json">
      <UniqueIdentifier>{dbf40a01-f562-422f-88e1-04956dc49889}</UniqueIdentifier>
    </Filter>
    <Filter Include="Header Files\json">
      <UniqueIdentifier>{de6094d9-190b-4691-9637-6627b3c3f614}</UniqueIdentifier>
    </Filter>
  </ItemGroup>
  <ItemGroup>
    <ClCompile Include="main.cpp">
      <Filter>Source Files</Filter>
    </ClCompile>
    <ClCompile Include="QLoginAndRegWnd.cpp">
      <Filter>Source Files</Filter>
    </ClCompile>
    <ClCompile Include="QWSClientMgr.cpp">
      <Filter>Source Files</Filter>
    </ClCompile>
    <ClCompile Include="QApplyFriendNextWnd.cpp">
      <Filter>Source Files</Filter>
    </ClCompile>
    <ClCompile Include="QToolWnd.cpp">
      <Filter>Source Files</Filter>
    </ClCompile>
    <ClCompile Include="QFindFriendItemWnd.cpp">
      <Filter>Source Files</Filter>
    </ClCompile>
    <ClCompile Include="QCreateGroupWnd.cpp">
      <Filter>Source Files</Filter>
    </ClCompile>
    <ClCompile Include="QApplyFriendWaitInfoWnd.cpp">
      <Filter>Source Files</Filter>
    </ClCompile>
    <ClCompile Include="QCreateGroupListItemWnd.cpp">
      <Filter>Source Files</Filter>
    </ClCompile>
    <ClCompile Include="QCreateGroupListItemWithSelBtnWnd.cpp">
      <Filter>Source Files</Filter>
    </ClCompile>
    <ClCompile Include="QSelectAddGroupOrAddFriendWnd.cpp">
      <Filter>Source Files</Filter>
    </ClCompile>
    <ClCompile Include="QApplyFriendInputInfoWnd.cpp">
      <Filter>Source Files</Filter>
    </ClCompile>
    <ClCompile Include="QFindFriendOrGroupWnd.cpp">
      <Filter>Source Files</Filter>
    </ClCompile>
    <ClCompile Include="QCommListWnd.cpp">
      <Filter>Source Files</Filter>
    </ClCompile>
    <ClCompile Include="QMainWnd.cpp">
      <Filter>Source Files</Filter>
    </ClCompile>
    <ClCompile Include="QCommContactInfo.cpp">
      <Filter>Source Files</Filter>
    </ClCompile>
    <ClCompile Include="QSessionWnd.cpp">
      <Filter>Source Files</Filter>
    </ClCompile>
    <ClCompile Include="QCommMsgItemWnd.cpp">
      <Filter>Source Files</Filter>
    </ClCompile>
    <ClCompile Include="QSimpleSplit.cpp">
      <Filter>Source Files</Filter>
    </ClCompile>
    <ClCompile Include="QCustomListWidgetItem.cpp">
      <Filter>Source Files</Filter>
    </ClCompile>
    <ClCompile Include="QSessionTopWnd.cpp">
      <Filter>Source Files</Filter>
    </ClCompile>
    <ClCompile Include="QChatMsgWnd.cpp">
      <Filter>Source Files</Filter>
    </ClCompile>
    <ClCompile Include="QCommContactItemWnd.cpp">
      <Filter>Source Files</Filter>
    </ClCompile>
    <ClCompile Include="json\CJsonObject.cpp">
      <Filter>Source Files\json</Filter>
    </ClCompile>
    <ClCompile Include="json\cJSON.c">
      <Filter>Source Files\json</Filter>
    </ClCompile>
    <ClCompile Include="QDealNewFriendsApplyWnd.cpp">
      <Filter>Source Files</Filter>
    </ClCompile>
    <ClCompile Include="QDealNewFriendsApplyItemWnd.cpp">
      <Filter>Source Files</Filter>
    </ClCompile>
    <ClCompile Include="QUserInfoWnd.cpp">
      <Filter>Source Files</Filter>
    </ClCompile>
    <ClCompile Include="QSimpleLabel.cpp">
      <Filter>Source Files</Filter>
    </ClCompile>
    <ClCompile Include="QPictureToolWnd.cpp">
      <Filter>Source Files</Filter>
    </ClCompile>
    <ClCompile Include="QDataManager.cpp">
      <Filter>Source Files</Filter>
    </ClCompile>
    <ClCompile Include="QSessionToolBar.cpp">
      <Filter>Source Files</Filter>
    </ClCompile>
    <ClCompile Include="QEmoijWnd.cpp">
      <Filter>Source Files</Filter>
    </ClCompile>
    <ClCompile Include="QScreenShotWnd.cpp">
      <Filter>Source Files</Filter>
    </ClCompile>
    <ClCompile Include="QChatFileInnerWnd.cpp">
      <Filter>Source Files</Filter>
    </ClCompile>
    <ClCompile Include="QChatFileOuterWnd.cpp">
      <Filter>Source Files</Filter>
    </ClCompile>
    <ClCompile Include="QGroupInfoWnd.cpp">
      <Filter>Source Files</Filter>
    </ClCompile>
    <ClCompile Include="QCommGroupItemWnd.cpp">
      <Filter>Source Files</Filter>
    </ClCompile>
    <ClCompile Include="QGroupFriendsItemWnd.cpp">
      <Filter>Source Files</Filter>
    </ClCompile>
    <ClCompile Include="QSwitchButton.cpp">
      <Filter>Source Files</Filter>
    </ClCompile>
    <ClCompile Include="QGroupFriendsWnd.cpp">
      <Filter>Source Files</Filter>
    </ClCompile>
    <ClCompile Include="QEditLabel.cpp">
      <Filter>Source Files</Filter>
    </ClCompile>
    <ClCompile Include="QSelectMoreWnd.cpp">
      <Filter>Source Files</Filter>
    </ClCompile>
    <ClCompile Include="QScreenShotToolBarWnd.cpp">
      <Filter>Source Files</Filter>
    </ClCompile>
    <ClCompile Include="QVoiceTelphoneWnd.cpp">
      <Filter>Source Files</Filter>
    </ClCompile>
    <ClCompile Include="QSelfLog.cpp">
      <Filter>Source Files</Filter>
    </ClCompile>
    <ClCompile Include="QSelfTextEdit.cpp">
      <Filter>Source Files</Filter>
    </ClCompile>
    <ClCompile Include="QStyleSheetMgr.cpp">
      <Filter>Source Files</Filter>
    </ClCompile>
  </ItemGroup>
  <ItemGroup>
    <QtMoc Include="QWSClientMgr.h">
      <Filter>Header Files</Filter>
    </QtMoc>
    <QtMoc Include="QLoginAndRegWnd.h">
      <Filter>Header Files</Filter>
    </QtMoc>
    <QtMoc Include="QCreateGroupWnd.h">
      <Filter>Header Files</Filter>
    </QtMoc>
    <QtMoc Include="QCreateGroupListItemWnd.h">
      <Filter>Header Files</Filter>
    </QtMoc>
    <QtMoc Include="QCreateGroupListItemWithSelBtnWnd.h">
      <Filter>Header Files</Filter>
    </QtMoc>
    <QtMoc Include="QSelectAddGroupOrAddFriendWnd.h">
      <Filter>Header Files</Filter>
    </QtMoc>
    <QtMoc Include="QApplyFriendWaitInfoWnd.h">
      <Filter>Header Files</Filter>
    </QtMoc>
    <QtMoc Include="QApplyFriendInputInfoWnd.h">
      <Filter>Header Files</Filter>
    </QtMoc>
    <QtMoc Include="QApplyFriendNextWnd.h">
      <Filter>Header Files</Filter>
    </QtMoc>
    <QtMoc Include="QFindFriendItemWnd.h">
      <Filter>Header Files</Filter>
    </QtMoc>
    <QtMoc Include="QFindFriendOrGroupWnd.h">
      <Filter>Header Files</Filter>
    </QtMoc>
    <QtMoc Include="QCommListWnd.h">
      <Filter>Header Files</Filter>
    </QtMoc>
    <QtMoc Include="QCommContactInfo.h">
      <Filter>Header Files</Filter>
    </QtMoc>
    <QtMoc Include="QMainWnd.h">
      <Filter>Header Files</Filter>
    </QtMoc>
    <QtMoc Include="QToolWnd.h">
      <Filter>Header Files</Filter>
    </QtMoc>
    <QtMoc Include="QSessionWnd.h">
      <Filter>Header Files</Filter>
    </QtMoc>
    <QtMoc Include="QSimpleSplit.h">
      <Filter>Header Files</Filter>
    </QtMoc>
    <QtMoc Include="QSessionTopWnd.h">
      <Filter>Header Files</Filter>
    </QtMoc>
    <QtMoc Include="QChatMsgWnd.h">
      <Filter>Header Files</Filter>
    </QtMoc>
    <QtMoc Include="QDealNewFriendsApplyWnd.h">
      <Filter>Header Files</Filter>
    </QtMoc>
    <QtMoc Include="QDealNewFriendsApplyItemWnd.h">
      <Filter>Header Files</Filter>
    </QtMoc>
    <QtMoc Include="QUserInfoWnd.h">
      <Filter>Header Files</Filter>
    </QtMoc>
    <QtMoc Include="QSimpleLabel.h">
      <Filter>Header Files</Filter>
    </QtMoc>
    <QtMoc Include="QPictureToolWnd.h">
      <Filter>Header Files</Filter>
    </QtMoc>
    <QtMoc Include="QCommContactItemWnd.h">
      <Filter>Header Files</Filter>
    </QtMoc>
    <QtMoc Include="QCommMsgItemWnd.h">
      <Filter>Header Files</Filter>
    </QtMoc>
    <QtMoc Include="QEmoijWnd.h">
      <Filter>Header Files</Filter>
    </QtMoc>
    <QtMoc Include="QSessionToolBar.h">
      <Filter>Header Files</Filter>
    </QtMoc>
    <QtMoc Include="QScreenShotWnd.h">
      <Filter>Header Files</Filter>
    </QtMoc>
    <QtMoc Include="QChatFileInnerWnd.h">
      <Filter>Header Files</Filter>
    </QtMoc>
    <QtMoc Include="QChatFileOuterWnd.h">
      <Filter>Header Files</Filter>
    </QtMoc>
    <QtMoc Include="QGroupInfoWnd.h">
      <Filter>Header Files</Filter>
    </QtMoc>
    <QtMoc Include="QCommGroupItemWnd.h">
      <Filter>Header Files</Filter>
    </QtMoc>
    <QtMoc Include="QGroupFriendsItemWnd.h">
      <Filter>Header Files</Filter>
    </QtMoc>
    <QtMoc Include="QSwitchButton.h">
      <Filter>Header Files</Filter>
    </QtMoc>
    <QtMoc Include="QGroupFriendsWnd.h">
      <Filter>Header Files</Filter>
    </QtMoc>
    <QtMoc Include="QEditLabel.h">
      <Filter>Header Files</Filter>
    </QtMoc>
    <QtMoc Include="QSelectMoreWnd.h">
      <Filter>Header Files</Filter>
    </QtMoc>
    <QtMoc Include="QScreenShotToolBarWnd.h">
      <Filter>Header Files</Filter>
    </QtMoc>
    <QtMoc Include="QVoiceTelphoneWnd.h">
      <Filter>Header Files</Filter>
    </QtMoc>
    <QtMoc Include="QStyleSheetMgr.h">
      <Filter>Header Files</Filter>
    </QtMoc>
  </ItemGroup>
  <ItemGroup>
    <ClInclude Include="QCustomListWidgetItem.h">
      <Filter>Header Files</Filter>
    </ClInclude>
    <ClInclude Include="json\cJSON.h">
      <Filter>Header Files\json</Filter>
    </ClInclude>
    <ClInclude Include="json\CJsonObject.hpp">
      <Filter>Header Files\json</Filter>
    </ClInclude>
    <ClInclude Include="QDataManager.h">
      <Filter>Header Files</Filter>
    </ClInclude>
    <ClInclude Include="QPch.h">
      <Filter>Header Files</Filter>
    </ClInclude>
    <ClInclude Include="QSelfLog.h">
      <Filter>Header Files</Filter>
    </ClInclude>
    <ClInclude Include="QSelfTextEdit.h">
      <Filter>Header Files</Filter>
    </ClInclude>
  </ItemGroup>
</Project>